
Microsoft Visual Studio Solution File, Format Version 12.00
# Visual Studio Version 17
VisualStudioVersion = 17.8.34525.116
MinimumVisualStudioVersion = 10.0.40219.1
Project("{FAE04EC0-301F-11D3-BF4B-00C04F79EFBC}") = "ClubDeportivo", "ClubDeportivo\ClubDeportivo.csproj", "{C27CCF34-E677-40AD-9FEE-65C0CD2F339F}"
EndProject
Global
	GlobalSection(SolutionConfigurationPlatforms) = preSolution
		Debug|Any CPU = Debug|Any CPU
		Release|Any CPU = Release|Any CPU
	EndGlobalSection
	GlobalSection(ProjectConfigurationPlatforms) = postSolution
		{C27CCF34-E677-40AD-9FEE-65C0CD2F339F}.Debug|Any CPU.ActiveCfg = Debug|Any CPU
		{C27CCF34-E677-40AD-9FEE-65C0CD2F339F}.Debug|Any CPU.Build.0 = Debug|Any CPU
		{C27CCF34-E677-40AD-9FEE-65C0CD2F339F}.Release|Any CPU.ActiveCfg = Release|Any CPU
		{C27CCF34-E677-40AD-9FEE-65C0CD2F339F}.Release|Any CPU.Build.0 = Release|Any CPU
	EndGlobalSection
	GlobalSection(SolutionProperties) = preSolution
		HideSolutionNode = FALSE
	EndGlobalSection
	GlobalSection(ExtensibilityGlobals) = postSolution
		SolutionGuid = {8C0A0F94-455E-4F8A-8201-793887854728}
	EndGlobalSection
EndGlobal
